
Microsoft Visual Studio Solution File, Format Version 12.00
# Visual Studio Version 17
VisualStudioVersion = 17.9.34728.123
MinimumVisualStudioVersion = 10.0.40219.1
Project("{9A19103F-16F7-4668-BE54-9A1E7A4F7556}") = "Authentication.SASToken", "src\Authentication.SASToken\Authentication.SASToken.csproj", "{57737CEE-C3F9-44A7-82FA-E7E666954035}"
EndProject
Project("{2150E333-8FDC-42A3-9474-1A3956D46DE8}") = "Solution Items", "Solution Items", "{44D9521C-D0A9-4125-BCAA-634FDE45F6E9}"
	ProjectSection(SolutionItems) = preProject
		LICENSE = LICENSE
		README.md = README.md
		.github\workflows\release.yml = .github\workflows\release.yml
	EndProjectSection
EndProject
Project("{9A19103F-16F7-4668-BE54-9A1E7A4F7556}") = "Authentication.SASToken.Example.Web", "src\examples\Authentication.SASToken.Example.Web\Authentication.SASToken.Example.Web.csproj", "{7DB92227-7A34-4C46-856C-634381CC4CD5}"
EndProject
Project("{9A19103F-16F7-4668-BE54-9A1E7A4F7556}") = "Authentication.SASToken.Tests", "src\tests\Authentication.SASToken.Tests\Authentication.SASToken.Tests.csproj", "{99A9EBBF-B640-4791-97BB-1BFA6321853E}"
EndProject
Project("{9A19103F-16F7-4668-BE54-9A1E7A4F7556}") = "Authentication.SASToken.Generator", "src\tools\Authentication.SASToken.Generator\Authentication.SASToken.Generator.csproj", "{5C9A6D61-014E-4C56-B5AE-473538D46B21}"
EndProject
Global
	GlobalSection(SolutionConfigurationPlatforms) = preSolution
		Debug|Any CPU = Debug|Any CPU
		Release|Any CPU = Release|Any CPU
	EndGlobalSection
	GlobalSection(ProjectConfigurationPlatforms) = postSolution
		{57737CEE-C3F9-44A7-82FA-E7E666954035}.Debug|Any CPU.ActiveCfg = Debug|Any CPU
		{57737CEE-C3F9-44A7-82FA-E7E666954035}.Debug|Any CPU.Build.0 = Debug|Any CPU
		{57737CEE-C3F9-44A7-82FA-E7E666954035}.Release|Any CPU.ActiveCfg = Release|Any CPU
		{57737CEE-C3F9-44A7-82FA-E7E666954035}.Release|Any CPU.Build.0 = Release|Any CPU
		{7DB92227-7A34-4C46-856C-634381CC4CD5}.Debug|Any CPU.ActiveCfg = Debug|Any CPU
		{7DB92227-7A34-4C46-856C-634381CC4CD5}.Debug|Any CPU.Build.0 = Debug|Any CPU
		{7DB92227-7A34-4C46-856C-634381CC4CD5}.Release|Any CPU.ActiveCfg = Release|Any CPU
		{7DB92227-7A34-4C46-856C-634381CC4CD5}.Release|Any CPU.Build.0 = Release|Any CPU
		{99A9EBBF-B640-4791-97BB-1BFA6321853E}.Debug|Any CPU.ActiveCfg = Debug|Any CPU
		{99A9EBBF-B640-4791-97BB-1BFA6321853E}.Debug|Any CPU.Build.0 = Debug|Any CPU
		{99A9EBBF-B640-4791-97BB-1BFA6321853E}.Release|Any CPU.ActiveCfg = Release|Any CPU
		{99A9EBBF-B640-4791-97BB-1BFA6321853E}.Release|Any CPU.Build.0 = Release|Any CPU
		{5C9A6D61-014E-4C56-B5AE-473538D46B21}.Debug|Any CPU.ActiveCfg = Debug|Any CPU
		{5C9A6D61-014E-4C56-B5AE-473538D46B21}.Debug|Any CPU.Build.0 = Debug|Any CPU
		{5C9A6D61-014E-4C56-B5AE-473538D46B21}.Release|Any CPU.ActiveCfg = Release|Any CPU
		{5C9A6D61-014E-4C56-B5AE-473538D46B21}.Release|Any CPU.Build.0 = Release|Any CPU
	EndGlobalSection
	GlobalSection(SolutionProperties) = preSolution
		HideSolutionNode = FALSE
	EndGlobalSection
	GlobalSection(ExtensibilityGlobals) = postSolution
		SolutionGuid = {562CB482-CD39-4446-9145-DCF03C82EC0F}
	EndGlobalSection
EndGlobal
